
Microsoft Visual Studio Solution File, Format Version 12.00
# Visual Studio Version 16
VisualStudioVersion = 16.0.32228.343
MinimumVisualStudioVersion = 10.0.40219.1
Project("{9A19103F-16F7-4668-BE54-9A1E7A4F7556}") = "FinalExercise", "FinalExercise.csproj", "{013990D1-689F-4CCA-B1E5-20305A37D859}"
EndProject
Project("{9A19103F-16F7-4668-BE54-9A1E7A4F7556}") = "FinalExercise.Test", "..\FinalExercise.Test\FinalExercise.Test.csproj", "{8B6928F5-ACFB-427E-ADC0-8712979132B9}"
EndProject
Global
	GlobalSection(SolutionConfigurationPlatforms) = preSolution
		Debug|Any CPU = Debug|Any CPU
		Release|Any CPU = Release|Any CPU
	EndGlobalSection
	GlobalSection(ProjectConfigurationPlatforms) = postSolution
		{013990D1-689F-4CCA-B1E5-20305A37D859}.Debug|Any CPU.ActiveCfg = Debug|Any CPU
		{013990D1-689F-4CCA-B1E5-20305A37D859}.Debug|Any CPU.Build.0 = Debug|Any CPU
		{013990D1-689F-4CCA-B1E5-20305A37D859}.Release|Any CPU.ActiveCfg = Release|Any CPU
		{013990D1-689F-4CCA-B1E5-20305A37D859}.Release|Any CPU.Build.0 = Release|Any CPU
		{8B6928F5-ACFB-427E-ADC0-8712979132B9}.Debug|Any CPU.ActiveCfg = Debug|Any CPU
		{8B6928F5-ACFB-427E-ADC0-8712979132B9}.Debug|Any CPU.Build.0 = Debug|Any CPU
		{8B6928F5-ACFB-427E-ADC0-8712979132B9}.Release|Any CPU.ActiveCfg = Release|Any CPU
		{8B6928F5-ACFB-427E-ADC0-8712979132B9}.Release|Any CPU.Build.0 = Release|Any CPU
	EndGlobalSection
	GlobalSection(SolutionProperties) = preSolution
		HideSolutionNode = FALSE
	EndGlobalSection
	GlobalSection(ExtensibilityGlobals) = postSolution
		SolutionGuid = {5146B6D5-BB99-4244-B7D9-10C30F30F185}
	EndGlobalSection
EndGlobal
